
Microsoft Visual Studio Solution File, Format Version 12.00
# Visual Studio Version 16
VisualStudioVersion = 16.0.31005.135
MinimumVisualStudioVersion = 10.0.40219.1
Project("{9A19103F-16F7-4668-BE54-9A1E7A4F7556}") = "Web", "Web\Web.csproj", "{630A8D8E-A2CD-4503-BED4-F4D94D7A1221}"
EndProject
Project("{9A19103F-16F7-4668-BE54-9A1E7A4F7556}") = "Service", "Service\Service.csproj", "{741F3875-C6B1-42E9-9A32-8A46C284293E}"
EndProject
Project("{9A19103F-16F7-4668-BE54-9A1E7A4F7556}") = "Model", "Model\Model.csproj", "{B1C83BA3-1CF2-4CD7-A820-63E6519A31C9}"
EndProject
Global
	GlobalSection(SolutionConfigurationPlatforms) = preSolution
		Debug|Any CPU = Debug|Any CPU
		Release|Any CPU = Release|Any CPU
	EndGlobalSection
	GlobalSection(ProjectConfigurationPlatforms) = postSolution
		{630A8D8E-A2CD-4503-BED4-F4D94D7A1221}.Debug|Any CPU.ActiveCfg = Debug|Any CPU
		{630A8D8E-A2CD-4503-BED4-F4D94D7A1221}.Debug|Any CPU.Build.0 = Debug|Any CPU
		{630A8D8E-A2CD-4503-BED4-F4D94D7A1221}.Release|Any CPU.ActiveCfg = Release|Any CPU
		{630A8D8E-A2CD-4503-BED4-F4D94D7A1221}.Release|Any CPU.Build.0 = Release|Any CPU
		{741F3875-C6B1-42E9-9A32-8A46C284293E}.Debug|Any CPU.ActiveCfg = Debug|Any CPU
		{741F3875-C6B1-42E9-9A32-8A46C284293E}.Debug|Any CPU.Build.0 = Debug|Any CPU
		{741F3875-C6B1-42E9-9A32-8A46C284293E}.Release|Any CPU.ActiveCfg = Release|Any CPU
		{741F3875-C6B1-42E9-9A32-8A46C284293E}.Release|Any CPU.Build.0 = Release|Any CPU
		{B1C83BA3-1CF2-4CD7-A820-63E6519A31C9}.Debug|Any CPU.ActiveCfg = Debug|Any CPU
		{B1C83BA3-1CF2-4CD7-A820-63E6519A31C9}.Debug|Any CPU.Build.0 = Debug|Any CPU
		{B1C83BA3-1CF2-4CD7-A820-63E6519A31C9}.Release|Any CPU.ActiveCfg = Release|Any CPU
		{B1C83BA3-1CF2-4CD7-A820-63E6519A31C9}.Release|Any CPU.Build.0 = Release|Any CPU
	EndGlobalSection
	GlobalSection(SolutionProperties) = preSolution
		HideSolutionNode = FALSE
	EndGlobalSection
	GlobalSection(ExtensibilityGlobals) = postSolution
		SolutionGuid = {4CD3964E-A266-4270-8D89-DE0D70662AB6}
	EndGlobalSection
EndGlobal
